// !$*UTF8*$!
{
	archiveVersion = 1;
	classes = {
	};
	objectVersion = 56;
	objects = {

/* Begin PBXBuildFile section */
		3D1234567890123456789012 /* CoffeeBrewingNotesApp.swift in Sources */ = {isa = PBXBuildFile; fileRef = 3D1234567890123456789011 /* CoffeeBrewingNotesApp.swift */; };
		3D1234567890123456789014 /* ContentView.swift in Sources */ = {isa = PBXBuildFile; fileRef = 3D1234567890123456789013 /* ContentView.swift */; };
		3D1234567890123456789016 /* Assets.xcassets in Resources */ = {isa = PBXBuildFile; fileRef = 3D1234567890123456789015 /* Assets.xcassets */; };
		3D1234567890123456789019 /* Preview Assets.xcassets in Resources */ = {isa = PBXBuildFile; fileRef = 3D1234567890123456789018 /* Preview Assets.xcassets */; };
		3D1234567890123456789021 /* Persistence.swift in Sources */ = {isa = PBXBuildFile; fileRef = 3D1234567890123456789020 /* Persistence.swift */; };
		3D1234567890123456789024 /* CoffeeBrewingNotes.xcdatamodeld in Sources */ = {isa = PBXBuildFile; fileRef = 3D1234567890123456789022 /* CoffeeBrewingNotes.xcdatamodeld */; };
		3D1234567890123456789026 /* Coffee+CoreDataClass.swift in Sources */ = {isa = PBXBuildFile; fileRef = 3D1234567890123456789025 /* Coffee+CoreDataClass.swift */; };
		3D1234567890123456789028 /* Recipe+CoreDataClass.swift in Sources */ = {isa = PBXBuildFile; fileRef = 3D1234567890123456789027 /* Recipe+CoreDataClass.swift */; };
		3D1234567890123456789030 /* BrewingNote+CoreDataClass.swift in Sources */ = {isa = PBXBuildFile; fileRef = 3D1234567890123456789029 /* BrewingNote+CoreDataClass.swift */; };
		3D1234567890123456789032 /* CoffeeListView.swift in Sources */ = {isa = PBXBuildFile; fileRef = 3D1234567890123456789031 /* CoffeeListView.swift */; };
		3D1234567890123456789034 /* AddCoffeeView.swift in Sources */ = {isa = PBXBuildFile; fileRef = 3D1234567890123456789033 /* AddCoffeeView.swift */; };
		3D1234567890123456789036 /* RecipeListView.swift in Sources */ = {isa = PBXBuildFile; fileRef = 3D1234567890123456789035 /* RecipeListView.swift */; };
		3D1234567890123456789038 /* AddRecipeView.swift in Sources */ = {isa = PBXBuildFile; fileRef = 3D1234567890123456789037 /* AddRecipeView.swift */; };
		3D1234567890123456789040 /* BrewingSessionView.swift in Sources */ = {isa = PBXBuildFile; fileRef = 3D1234567890123456789039 /* BrewingSessionView.swift */; };
		3D1234567890123456789042 /* NotesHistoryView.swift in Sources */ = {isa = PBXBuildFile; fileRef = 3D1234567890123456789041 /* NotesHistoryView.swift */; };
		3D1234567890123456789050 /* CoffeeBrewingNotesTests.swift in Sources */ = {isa = PBXBuildFile; fileRef = 3D1234567890123456789049 /* CoffeeBrewingNotesTests.swift */; };
		3D1234567890123456789060 /* CoffeeBrewingNotesUITests.swift in Sources */ = {isa = PBXBuildFile; fileRef = 3D1234567890123456789059 /* CoffeeBrewingNotesUITests.swift */; };
/* End PBXBuildFile section */

/* Begin PBXContainerItemProxy section */
		3D1234567890123456789046 /* PBXContainerItemProxy */ = {
			isa = PBXContainerItemProxy;
			containerPortal = 3D1234567890123456789006 /* Project object */;
			proxyType = 1;
			remoteGlobalIDString = 3D1234567890123456789007;
			remoteInfo = CoffeeBrewingNotes;
		};
		3D1234567890123456789056 /* PBXContainerItemProxy */ = {
			isa = PBXContainerItemProxy;
			containerPortal = 3D1234567890123456789006 /* Project object */;
			proxyType = 1;
			remoteGlobalIDString = 3D1234567890123456789007;
			remoteInfo = CoffeeBrewingNotes;
		};
/* End PBXContainerItemProxy section */

/* Begin PBXFileReference section */
		3D1234567890123456789008 /* CoffeeBrewingNotes.app */ = {isa = PBXFileReference; explicitFileType = wrapper.application; includeInIndex = 0; path = CoffeeBrewingNotes.app; sourceTree = BUILT_PRODUCTS_DIR; };
		3D1234567890123456789011 /* CoffeeBrewingNotesApp.swift */ = {isa = PBXFileReference; lastKnownFileType = sourcecode.swift; path = CoffeeBrewingNotesApp.swift; sourceTree = "<group>"; };
		3D1234567890123456789013 /* ContentView.swift */ = {isa = PBXFileReference; lastKnownFileType = sourcecode.swift; path = ContentView.swift; sourceTree = "<group>"; };
		3D1234567890123456789015 /* Assets.xcassets */ = {isa = PBXFileReference; lastKnownFileType = folder.assetcatalog; path = Assets.xcassets; sourceTree = "<group>"; };
		3D1234567890123456789018 /* Preview Assets.xcassets */ = {isa = PBXFileReference; lastKnownFileType = folder.assetcatalog; path = "Preview Assets.xcassets"; sourceTree = "<group>"; };
		3D1234567890123456789020 /* Persistence.swift */ = {isa = PBXFileReference; lastKnownFileType = sourcecode.swift; path = Persistence.swift; sourceTree = "<group>"; };
		3D1234567890123456789023 /* CoffeeBrewingNotes.xcdatamodel */ = {isa = PBXFileReference; lastKnownFileType = wrapper.xcdatamodel; path = CoffeeBrewingNotes.xcdatamodel; sourceTree = "<group>"; };
		3D1234567890123456789025 /* Coffee+CoreDataClass.swift */ = {isa = PBXFileReference; lastKnownFileType = sourcecode.swift; path = "Coffee+CoreDataClass.swift"; sourceTree = "<group>"; };
		3D1234567890123456789027 /* Recipe+CoreDataClass.swift */ = {isa = PBXFileReference; lastKnownFileType = sourcecode.swift; path = "Recipe+CoreDataClass.swift"; sourceTree = "<group>"; };
		3D1234567890123456789029 /* BrewingNote+CoreDataClass.swift */ = {isa = PBXFileReference; lastKnownFileType = sourcecode.swift; path = "BrewingNote+CoreDataClass.swift"; sourceTree = "<group>"; };
		3D1234567890123456789031 /* CoffeeListView.swift */ = {isa = PBXFileReference; lastKnownFileType = sourcecode.swift; path = CoffeeListView.swift; sourceTree = "<group>"; };
		3D1234567890123456789033 /* AddCoffeeView.swift */ = {isa = PBXFileReference; lastKnownFileType = sourcecode.swift; path = AddCoffeeView.swift; sourceTree = "<group>"; };
		3D1234567890123456789035 /* RecipeListView.swift */ = {isa = PBXFileReference; lastKnownFileType = sourcecode.swift; path = RecipeListView.swift; sourceTree = "<group>"; };
		3D1234567890123456789037 /* AddRecipeView.swift */ = {isa = PBXFileReference; lastKnownFileType = sourcecode.swift; path = AddRecipeView.swift; sourceTree = "<group>"; };
		3D1234567890123456789039 /* BrewingSessionView.swift */ = {isa = PBXFileReference; lastKnownFileType = sourcecode.swift; path = BrewingSessionView.swift; sourceTree = "<group>"; };
		3D1234567890123456789041 /* NotesHistoryView.swift */ = {isa = PBXFileReference; lastKnownFileType = sourcecode.swift; path = NotesHistoryView.swift; sourceTree = "<group>"; };
		3D1234567890123456789045 /* CoffeeBrewingNotesTests.xctest */ = {isa = PBXFileReference; explicitFileType = wrapper.cfbundle; includeInIndex = 0; path = CoffeeBrewingNotesTests.xctest; sourceTree = BUILT_PRODUCTS_DIR; };
		3D1234567890123456789049 /* CoffeeBrewingNotesTests.swift */ = {isa = PBXFileReference; lastKnownFileType = sourcecode.swift; path = CoffeeBrewingNotesTests.swift; sourceTree = "<group>"; };
		3D1234567890123456789055 /* CoffeeBrewingNotesUITests.xctest */ = {isa = PBXFileReference; explicitFileType = wrapper.cfbundle; includeInIndex = 0; path = CoffeeBrewingNotesUITests.xctest; sourceTree = BUILT_PRODUCTS_DIR; };
		3D1234567890123456789059 /* CoffeeBrewingNotesUITests.swift */ = {isa = PBXFileReference; lastKnownFileType = sourcecode.swift; path = CoffeeBrewingNotesUITests.swift; sourceTree = "<group>"; };
		3D1234567890123456789061 /* CoffeeBrewingNotesUITestsLaunchTests.swift */ = {isa = PBXFileReference; lastKnownFileType = sourcecode.swift; path = CoffeeBrewingNotesUITestsLaunchTests.swift; sourceTree = "<group>"; };
/* End PBXFileReference section */

/* Begin PBXFrameworksBuildPhase section */
		3D1234567890123456789005 /* Frameworks */ = {
			isa = PBXFrameworksBuildPhase;
			buildActionMask = 2147483647;
			files = (
			);
			runOnlyForDeploymentPostprocessing = 0;
		};
		3D1234567890123456789042 /* Frameworks */ = {
			isa = PBXFrameworksBuildPhase;
			buildActionMask = 2147483647;
			files = (
			);
			runOnlyForDeploymentPostprocessing = 0;
		};
		3D1234567890123456789052 /* Frameworks */ = {
			isa = PBXFrameworksBuildPhase;
			buildActionMask = 2147483647;
			files = (
			);
			runOnlyForDeploymentPostprocessing = 0;
		};
/* End PBXFrameworksBuildPhase section */

/* Begin PBXGroup section */
		3D1234567890123456789000 = {
			isa = PBXGroup;
			children = (
				3D1234567890123456789010 /* CoffeeBrewingNotes */,
				3D1234567890123456789048 /* CoffeeBrewingNotesTests */,
				3D1234567890123456789058 /* CoffeeBrewingNotesUITests */,
				3D1234567890123456789009 /* Products */,
			);
			sourceTree = "<group>";
		};
		3D1234567890123456789009 /* Products */ = {
			isa = PBXGroup;
			children = (
				3D1234567890123456789008 /* CoffeeBrewingNotes.app */,
				3D1234567890123456789045 /* CoffeeBrewingNotesTests.xctest */,
				3D1234567890123456789055 /* CoffeeBrewingNotesUITests.xctest */,
			);
			name = Products;
			sourceTree = "<group>";
		};
		3D1234567890123456789010 /* CoffeeBrewingNotes */ = {
			isa = PBXGroup;
			children = (
				3D1234567890123456789011 /* CoffeeBrewingNotesApp.swift */,
				3D1234567890123456789013 /* ContentView.swift */,
				3D1234567890123456789080 /* Models */,
				3D1234567890123456789081 /* Views */,
				3D1234567890123456789020 /* Persistence.swift */,
				3D1234567890123456789015 /* Assets.xcassets */,
				3D1234567890123456789017 /* Preview Content */,
			);
			path = CoffeeBrewingNotes;
			sourceTree = "<group>";
		};
		3D1234567890123456789017 /* Preview Content */ = {
			isa = PBXGroup;
			children = (
				3D1234567890123456789018 /* Preview Assets.xcassets */,
			);
			path = "Preview Content";
			sourceTree = "<group>";
		};
		3D1234567890123456789048 /* CoffeeBrewingNotesTests */ = {
			isa = PBXGroup;
			children = (
				3D1234567890123456789049 /* CoffeeBrewingNotesTests.swift */,
			);
			path = CoffeeBrewingNotesTests;
			sourceTree = "<group>";
		};
		3D1234567890123456789058 /* CoffeeBrewingNotesUITests */ = {
			isa = PBXGroup;
			children = (
				3D1234567890123456789059 /* CoffeeBrewingNotesUITests.swift */,
				3D1234567890123456789061 /* CoffeeBrewingNotesUITestsLaunchTests.swift */,
			);
			path = CoffeeBrewingNotesUITests;
			sourceTree = "<group>";
		};
		3D1234567890123456789080 /* Models */ = {
			isa = PBXGroup;
			children = (
				3D1234567890123456789022 /* CoffeeBrewingNotes.xcdatamodeld */,
				3D1234567890123456789025 /* Coffee+CoreDataClass.swift */,
				3D1234567890123456789027 /* Recipe+CoreDataClass.swift */,
				3D1234567890123456789029 /* BrewingNote+CoreDataClass.swift */,
			);
			path = Models;
			sourceTree = "<group>";
		};
		3D1234567890123456789081 /* Views */ = {
			isa = PBXGroup;
			children = (
				3D1234567890123456789031 /* CoffeeListView.swift */,
				3D1234567890123456789033 /* AddCoffeeView.swift */,
				3D1234567890123456789035 /* RecipeListView.swift */,
				3D1234567890123456789037 /* AddRecipeView.swift */,
				3D1234567890123456789039 /* BrewingSessionView.swift */,
				3D1234567890123456789041 /* NotesHistoryView.swift */,
			);
			path = Views;
			sourceTree = "<group>";
		};
/* End PBXGroup section */

/* Begin PBXNativeTarget section */
		3D1234567890123456789007 /* CoffeeBrewingNotes */ = {
			isa = PBXNativeTarget;
			buildConfigurationList = 3D1234567890123456789065 /* Build configuration list for PBXNativeTarget "CoffeeBrewingNotes" */;
			buildPhases = (
				3D1234567890123456789004 /* Sources */,
				3D1234567890123456789005 /* Frameworks */,
				3D1234567890123456789006 /* Resources */,
			);
			buildRules = (
			);
			dependencies = (
			);
			name = CoffeeBrewingNotes;
			productName = CoffeeBrewingNotes;
			productReference = 3D1234567890123456789008 /* CoffeeBrewingNotes.app */;
			productType = "com.apple.product-type.application";
		};
		3D1234567890123456789044 /* CoffeeBrewingNotesTests */ = {
			isa = PBXNativeTarget;
			buildConfigurationList = 3D1234567890123456789068 /* Build configuration list for PBXNativeTarget "CoffeeBrewingNotesTests" */;
			buildPhases = (
				3D1234567890123456789041 /* Sources */,
				3D1234567890123456789042 /* Frameworks */,
				3D1234567890123456789043 /* Resources */,
			);
			buildRules = (
			);
			dependencies = (
				3D1234567890123456789047 /* PBXTargetDependency */,
			);
			name = CoffeeBrewingNotesTests;
			productName = CoffeeBrewingNotesTests;
			productReference = 3D1234567890123456789045 /* CoffeeBrewingNotesTests.xctest */;
			productType = "com.apple.product-type.bundle.unit-test";
		};
		3D1234567890123456789054 /* CoffeeBrewingNotesUITests */ = {
			isa = PBXNativeTarget;
			buildConfigurationList = 3D1234567890123456789071 /* Build configuration list for PBXNativeTarget "CoffeeBrewingNotesUITests" */;
			buildPhases = (
				3D1234567890123456789051 /* Sources */,
				3D1234567890123456789052 /* Frameworks */,
				3D1234567890123456789053 /* Resources */,
			);
			buildRules = (
			);
			dependencies = (
				3D1234567890123456789057 /* PBXTargetDependency */,
			);
			name = CoffeeBrewingNotesUITests;
			productName = CoffeeBrewingNotesUITests;
			productReference = 3D1234567890123456789055 /* CoffeeBrewingNotesUITests.xctest */;
			productType = "com.apple.product-type.bundle.ui-testing";
		};
/* End PBXNativeTarget section */

/* Begin PBXProject section */
		3D1234567890123456789006 /* Project object */ = {
			isa = PBXProject;
			attributes = {
				BuildIndependentTargetsInParallel = 1;
				LastSwiftUpdateCheck = 1500;
				LastUpgradeCheck = 1500;
				TargetAttributes = {
					3D1234567890123456789007 = {
						CreatedOnToolsVersion = 15.0;
					};
					3D1234567890123456789044 = {
						CreatedOnToolsVersion = 15.0;
						TestTargetID = 3D1234567890123456789007;
					};
					3D1234567890123456789054 = {
						CreatedOnToolsVersion = 15.0;
						TestTargetID = 3D1234567890123456789007;
					};
				};
			};
			buildConfigurationList = 3D1234567890123456789010 /* Build configuration list for PBXProject "CoffeeBrewingNotes" */;
			compatibilityVersion = "Xcode 14.0";
			developmentRegion = en;
			hasScannedForEncodings = 0;
			knownRegions = (
				en,
				Base,
			);
			mainGroup = 3D1234567890123456789000;
			productRefGroup = 3D1234567890123456789009 /* Products */;
			projectDirPath = "";
			projectRoot = "";
			targets = (
				3D1234567890123456789007 /* CoffeeBrewingNotes */,
				3D1234567890123456789044 /* CoffeeBrewingNotesTests */,
				3D1234567890123456789054 /* CoffeeBrewingNotesUITests */,
			);
		};
/* End PBXProject section */

/* Begin PBXResourcesBuildPhase section */
		3D1234567890123456789006 /* Resources */ = {
			isa = PBXResourcesBuildPhase;
			buildActionMask = 2147483647;
			files = (
				3D1234567890123456789019 /* Preview Assets.xcassets in Resources */,
				3D1234567890123456789016 /* Assets.xcassets in Resources */,
			);
			runOnlyForDeploymentPostprocessing = 0;
		};
		3D1234567890123456789043 /* Resources */ = {
			isa = PBXResourcesBuildPhase;
			buildActionMask = 2147483647;
			files = (
			);
			runOnlyForDeploymentPostprocessing = 0;
		};
		3D1234567890123456789053 /* Resources */ = {
			isa = PBXResourcesBuildPhase;
			buildActionMask = 2147483647;
			files = (
			);
			runOnlyForDeploymentPostprocessing = 0;
		};
/* End PBXResourcesBuildPhase section */

/* Begin PBXSourcesBuildPhase section */
		3D1234567890123456789004 /* Sources */ = {
			isa = PBXSourcesBuildPhase;
			buildActionMask = 2147483647;
			files = (
				3D1234567890123456789021 /* Persistence.swift in Sources */,
				3D1234567890123456789014 /* ContentView.swift in Sources */,
				3D1234567890123456789024 /* CoffeeBrewingNotes.xcdatamodeld in Sources */,
				3D1234567890123456789026 /* Coffee+CoreDataClass.swift in Sources */,
				3D1234567890123456789028 /* Recipe+CoreDataClass.swift in Sources */,
				3D1234567890123456789030 /* BrewingNote+CoreDataClass.swift in Sources */,
				3D1234567890123456789032 /* CoffeeListView.swift in Sources */,
				3D1234567890123456789034 /* AddCoffeeView.swift in Sources */,
				3D1234567890123456789036 /* RecipeListView.swift in Sources */,
				3D1234567890123456789038 /* AddRecipeView.swift in Sources */,
				3D1234567890123456789040 /* BrewingSessionView.swift in Sources */,
				3D1234567890123456789042 /* NotesHistoryView.swift in Sources */,
				3D1234567890123456789012 /* CoffeeBrewingNotesApp.swift in Sources */,
			);
			runOnlyForDeploymentPostprocessing = 0;
		};
		3D1234567890123456789041 /* Sources */ = {
			isa = PBXSourcesBuildPhase;
			buildActionMask = 2147483647;
			files = (
				3D1234567890123456789050 /* CoffeeBrewingNotesTests.swift in Sources */,
			);
			runOnlyForDeploymentPostprocessing = 0;
		};
		3D1234567890123456789051 /* Sources */ = {
			isa = PBXSourcesBuildPhase;
			buildActionMask = 2147483647;
			files = (
				3D1234567890123456789060 /* CoffeeBrewingNotesUITests.swift in Sources */,
			);
			runOnlyForDeploymentPostprocessing = 0;
		};
/* End PBXSourcesBuildPhase section */

/* Begin PBXTargetDependency section */
		3D1234567890123456789047 /* PBXTargetDependency */ = {
			isa = PBXTargetDependency;
			target = 3D1234567890123456789007 /* CoffeeBrewingNotes */;
			targetProxy = 3D1234567890123456789046 /* PBXContainerItemProxy */;
		};
		3D1234567890123456789057 /* PBXTargetDependency */ = {
			isa = PBXTargetDependency;
			target = 3D1234567890123456789007 /* CoffeeBrewingNotes */;
			targetProxy = 3D1234567890123456789056 /* PBXContainerItemProxy */;
		};
/* End PBXTargetDependency section */

/* Begin XCVersionGroup section */
		3D1234567890123456789022 /* CoffeeBrewingNotes.xcdatamodeld */ = {
			isa = XCVersionGroup;
			children = (
				3D1234567890123456789023 /* CoffeeBrewingNotes.xcdatamodel */,
			);
			currentVersion = 3D1234567890123456789023 /* CoffeeBrewingNotes.xcdatamodel */;
			path = CoffeeBrewingNotes.xcdatamodeld;
			sourceTree = "<group>";
			versionGroupType = wrapper.xcdatamodel;
		};
/* End XCVersionGroup section */

/* Begin XCBuildConfiguration section */
		3D1234567890123456789063 /* Debug */ = {
			isa = XCBuildConfiguration;
			buildSettings = {
				ALWAYS_SEARCH_USER_PATHS = NO;
				ASSETCATALOG_COMPILER_GENERATE_SWIFT_ASSET_SYMBOL_EXTENSIONS = YES;
				CLANG_ANALYZER_NONNULL = YES;
				CLANG_ANALYZER_NUMBER_OBJECT_CONVERSION = YES_AGGRESSIVE;
				CLANG_CXX_LANGUAGE_STANDARD = "gnu++20";
				CLANG_ENABLE_MODULES = YES;
				CLANG_ENABLE_OBJC_ARC = YES;
				CLANG_ENABLE_OBJC_WEAK = YES;
				CLANG_WARN_BLOCK_CAPTURE_AUTORELEASING = YES;
				CLANG_WARN_BOOL_CONVERSION = YES;
				CLANG_WARN_COMMA = YES;
				CLANG_WARN_CONSTANT_CONVERSION = YES;
				CLANG_WARN_DEPRECATED_OBJC_IMPLEMENTATIONS = YES;
				CLANG_WARN_DIRECT_OBJC_ISA_USAGE = YES_ERROR;
				CLANG_WARN_DOCUMENTATION_COMMENTS = YES;
				CLANG_WARN_EMPTY_BODY = YES;
				CLANG_WARN_ENUM_CONVERSION = YES;
				CLANG_WARN_INFINITE_RECURSION = YES;
				CLANG_WARN_INT_CONVERSION = YES;
				CLANG_WARN_NON_LITERAL_NULL_CONVERSION = YES;
				CLANG_WARN_OBJC_IMPLICIT_RETAIN_SELF = YES;
				CLANG_WARN_OBJC_LITERAL_CONVERSION = YES;
				CLANG_WARN_OBJC_ROOT_CLASS = YES_ERROR;
				CLANG_WARN_QUOTED_INCLUDE_IN_FRAMEWORK_HEADER = YES;
				CLANG_WARN_RANGE_LOOP_ANALYSIS = YES;
				CLANG_WARN_STRICT_PROTOTYPES = YES;
				CLANG_WARN_SUSPICIOUS_MOVE = YES;
				CLANG_WARN_UNGUARDED_AVAILABILITY = YES_AGGRESSIVE;
				CLANG_WARN_UNREACHABLE_CODE = YES;
				CLANG_WARN__DUPLICATE_METHOD_MATCH = YES;
				COPY_PHASE_STRIP = NO;
				DEBUG_INFORMATION_FORMAT = dwarf;
				ENABLE_STRICT_OBJC_MSGSEND = YES;
				ENABLE_TESTABILITY = YES;
				ENABLE_USER_SCRIPT_SANDBOXING = YES;
				GCC_C_LANGUAGE_STANDARD = gnu17;
				GCC_DYNAMIC_NO_PIC = NO;
				GCC_NO_COMMON_BLOCKS = YES;
				GCC_OPTIMIZATION_LEVEL = 0;
				GCC_PREPROCESSOR_DEFINITIONS = (
					"DEBUG=1",
					"$(inherited)",
				);
				GCC_WARN_64_TO_32_BIT_CONVERSION = YES;
				GCC_WARN_ABOUT_RETURN_TYPE = YES_ERROR;
				GCC_WARN_UNDECLARED_SELECTOR = YES;
				GCC_WARN_UNINITIALIZED_AUTOS = YES_AGGRESSIVE;
				GCC_WARN_UNUSED_FUNCTION = YES;
				GCC_WARN_UNUSED_VARIABLE = YES;
				IPHONEOS_DEPLOYMENT_TARGET = 17.0;
				LOCALIZATION_PREFERS_STRING_CATALOGS = YES;
				MTL_ENABLE_DEBUG_INFO = INCLUDE_SOURCE;
				MTL_FAST_MATH = YES;
				ONLY_ACTIVE_ARCH = YES;
				SDKROOT = iphoneos;
				SWIFT_ACTIVE_COMPILATION_CONDITIONS = "DEBUG $(inherited)";
				SWIFT_OPTIMIZATION_LEVEL = "-Onone";
			};
			name = Debug;
		};
		3D1234567890123456789064 /* Release */ = {
			isa = XCBuildConfiguration;
			buildSettings = {
				ALWAYS_SEARCH_USER_PATHS = NO;
				ASSETCATALOG_COMPILER_GENERATE_SWIFT_ASSET_SYMBOL_EXTENSIONS = YES;
				CLANG_ANALYZER_NONNULL = YES;
				CLANG_ANALYZER_NUMBER_OBJECT_CONVERSION = YES_AGGRESSIVE;
				CLANG_CXX_LANGUAGE_STANDARD = "gnu++20";
				CLANG_ENABLE_MODULES = YES;
				CLANG_ENABLE_OBJC_ARC = YES;
				CLANG_ENABLE_OBJC_WEAK = YES;
				CLANG_WARN_BLOCK_CAPTURE_AUTORELEASING = YES;
				CLANG_WARN_BOOL_CONVERSION = YES;
				CLANG_WARN_COMMA = YES;
				CLANG_WARN_CONSTANT_CONVERSION = YES;
				CLANG_WARN_DEPRECATED_OBJC_IMPLEMENTATIONS = YES;
				CLANG_WARN_DIRECT_OBJC_ISA_USAGE = YES_ERROR;
				CLANG_WARN_DOCUMENTATION_COMMENTS = YES;
				CLANG_WARN_EMPTY_BODY = YES;
				CLANG_WARN_ENUM_CONVERSION = YES;
				CLANG_WARN_INFINITE_RECURSION = YES;
				CLANG_WARN_INT_CONVERSION = YES;
				CLANG_WARN_NON_LITERAL_NULL_CONVERSION = YES;
				CLANG_WARN_OBJC_IMPLICIT_RETAIN_SELF = YES;
				CLANG_WARN_OBJC_LITERAL_CONVERSION = YES;
				CLANG_WARN_OBJC_ROOT_CLASS = YES_ERROR;
				CLANG_WARN_QUOTED_INCLUDE_IN_FRAMEWORK_HEADER = YES;
				CLANG_WARN_RANGE_LOOP_ANALYSIS = YES;
				CLANG_WARN_STRICT_PROTOTYPES = YES;
				CLANG_WARN_SUSPICIOUS_MOVE = YES;
				CLANG_WARN_UNGUARDED_AVAILABILITY = YES_AGGRESSIVE;
				CLANG_WARN_UNREACHABLE_CODE = YES;
				CLANG_WARN__DUPLICATE_METHOD_MATCH = YES;
				COPY_PHASE_STRIP = NO;
				DEBUG_INFORMATION_FORMAT = "dwarf-with-dsym";
				ENABLE_NS_ASSERTIONS = NO;
				ENABLE_STRICT_OBJC_MSGSEND = YES;
				ENABLE_USER_SCRIPT_SANDBOXING = YES;
				GCC_C_LANGUAGE_STANDARD = gnu17;
				GCC_NO_COMMON_BLOCKS = YES;
				GCC_WARN_64_TO_32_BIT_CONVERSION = YES;
				GCC_WARN_ABOUT_RETURN_TYPE = YES_ERROR;
				GCC_WARN_UNDECLARED_SELECTOR = YES;
				GCC_WARN_UNINITIALIZED_AUTOS = YES_AGGRESSIVE;
				GCC_WARN_UNUSED_FUNCTION = YES;
				GCC_WARN_UNUSED_VARIABLE = YES;
				IPHONEOS_DEPLOYMENT_TARGET = 17.0;
				LOCALIZATION_PREFERS_STRING_CATALOGS = YES;
				MTL_ENABLE_DEBUG_INFO = NO;
				MTL_FAST_MATH = YES;
				SDKROOT = iphoneos;
				SWIFT_COMPILATION_MODE = wholemodule;
				VALIDATE_PRODUCT = YES;
			};
			name = Release;
		};
		3D1234567890123456789066 /* Debug */ = {
			isa = XCBuildConfiguration;
			buildSettings = {
				ASSETCATALOG_COMPILER_APPICON_NAME = AppIcon;
				ASSETCATALOG_COMPILER_GLOBAL_ACCENT_COLOR_NAME = AccentColor;
				CODE_SIGN_STYLE = Automatic;
				CURRENT_PROJECT_VERSION = 1;
				DEVELOPMENT_ASSET_PATHS = "\"CoffeeBrewingNotes/Preview Content\"";
				ENABLE_PREVIEWS = YES;
				GENERATE_INFOPLIST_FILE = YES;
				INFOPLIST_KEY_UIApplicationSceneManifest_Generation = YES;
				INFOPLIST_KEY_UIApplicationSupportsIndirectInputEvents = YES;
				INFOPLIST_KEY_UILaunchScreen_Generation = YES;
				INFOPLIST_KEY_UISupportedInterfaceOrientations_iPad = "UIInterfaceOrientationPortrait UIInterfaceOrientationPortraitUpsideDown UIInterfaceOrientationLandscapeLeft UIInterfaceOrientationLandscapeRight";
				INFOPLIST_KEY_UISupportedInterfaceOrientations_iPhone = "UIInterfaceOrientationPortrait UIInterfaceOrientationLandscapeLeft UIInterfaceOrientationLandscapeRight";
				LD_RUNPATH_SEARCH_PATHS = (
					"$(inherited)",
					"@executable_path/Frameworks",
				);
				MARKETING_VERSION = 1.0;
				PRODUCT_BUNDLE_IDENTIFIER = com.example.CoffeeBrewingNotes;
				PRODUCT_NAME = "$(TARGET_NAME)";
				SWIFT_EMIT_LOC_STRINGS = YES;
				SWIFT_VERSION = 5.0;
				TARGETED_DEVICE_FAMILY = "1,2";
			};
			name = Debug;
		};
		3D1234567890123456789067 /* Release */ = {
			isa = XCBuildConfiguration;
			buildSettings = {
				ASSETCATALOG_COMPILER_APPICON_NAME = AppIcon;
				ASSETCATALOG_COMPILER_GLOBAL_ACCENT_COLOR_NAME = AccentColor;
				CODE_SIGN_STYLE = Automatic;
				CURRENT_PROJECT_VERSION = 1;
				DEVELOPMENT_ASSET_PATHS = "\"CoffeeBrewingNotes/Preview Content\"";
				ENABLE_PREVIEWS = YES;
				GENERATE_INFOPLIST_FILE = YES;
				INFOPLIST_KEY_UIApplicationSceneManifest_Generation = YES;
				INFOPLIST_KEY_UIApplicationSupportsIndirectInputEvents = YES;
				INFOPLIST_KEY_UILaunchScreen_Generation = YES;
				INFOPLIST_KEY_UISupportedInterfaceOrientations_iPad = "UIInterfaceOrientationPortrait UIInterfaceOrientationPortraitUpsideDown UIInterfaceOrientationLandscapeLeft UIInterfaceOrientationLandscapeRight";
				INFOPLIST_KEY_UISupportedInterfaceOrientations_iPhone = "UIInterfaceOrientationPortrait UIInterfaceOrientationLandscapeLeft UIInterfaceOrientationLandscapeRight";
				LD_RUNPATH_SEARCH_PATHS = (
					"$(inherited)",
					"@executable_path/Frameworks",
				);
				MARKETING_VERSION = 1.0;
				PRODUCT_BUNDLE_IDENTIFIER = com.example.CoffeeBrewingNotes;
				PRODUCT_NAME = "$(TARGET_NAME)";
				SWIFT_EMIT_LOC_STRINGS = YES;
				SWIFT_VERSION = 5.0;
				TARGETED_DEVICE_FAMILY = "1,2";
			};
			name = Release;
		};
		3D1234567890123456789069 /* Debug */ = {
			isa = XCBuildConfiguration;
			buildSettings = {
				ALWAYS_EMBED_SWIFT_STANDARD_LIBRARIES = YES;
				BUNDLE_LOADER = "$(TEST_HOST)";
				CODE_SIGN_STYLE = Automatic;
				CURRENT_PROJECT_VERSION = 1;
				GENERATE_INFOPLIST_FILE = YES;
				IPHONEOS_DEPLOYMENT_TARGET = 17.0;
				MARKETING_VERSION = 1.0;
				PRODUCT_BUNDLE_IDENTIFIER = com.example.CoffeeBrewingNotesTests;
				PRODUCT_NAME = "$(TARGET_NAME)";
				SWIFT_EMIT_LOC_STRINGS = NO;
				SWIFT_VERSION = 5.0;
				TARGETED_DEVICE_FAMILY = "1,2";
				TEST_HOST = "$(BUILT_PRODUCTS_DIR)/CoffeeBrewingNotes.app/$(BUNDLE_EXECUTABLE_FOLDER_PATH)/CoffeeBrewingNotes";
			};
			name = Debug;
		};
		3D1234567890123456789070 /* Release */ = {
			isa = XCBuildConfiguration;
			buildSettings = {
				ALWAYS_EMBED_SWIFT_STANDARD_LIBRARIES = YES;
				BUNDLE_LOADER = "$(TEST_HOST)";
				CODE_SIGN_STYLE = Automatic;
				CURRENT_PROJECT_VERSION = 1;
				GENERATE_INFOPLIST_FILE = YES;
				IPHONEOS_DEPLOYMENT_TARGET = 17.0;
				MARKETING_VERSION = 1.0;
				PRODUCT_BUNDLE_IDENTIFIER = com.example.CoffeeBrewingNotesTests;
				PRODUCT_NAME = "$(TARGET_NAME)";
				SWIFT_EMIT_LOC_STRINGS = NO;
				SWIFT_VERSION = 5.0;
				TARGETED_DEVICE_FAMILY = "1,2";
				TEST_HOST = "$(BUILT_PRODUCTS_DIR)/CoffeeBrewingNotes.app/$(BUNDLE_EXECUTABLE_FOLDER_PATH)/CoffeeBrewingNotes";
			};
			name = Release;
		};
		3D1234567890123456789072 /* Debug */ = {
			isa = XCBuildConfiguration;
			buildSettings = {
				ALWAYS_EMBED_SWIFT_STANDARD_LIBRARIES = YES;
				CODE_SIGN_STYLE = Automatic;
				CURRENT_PROJECT_VERSION = 1;
				GENERATE_INFOPLIST_FILE = YES;
				MARKETING_VERSION = 1.0;
				PRODUCT_BUNDLE_IDENTIFIER = com.example.CoffeeBrewingNotesUITests;
				PRODUCT_NAME = "$(TARGET_NAME)";
				SWIFT_EMIT_LOC_STRINGS = NO;
				SWIFT_VERSION = 5.0;
				TARGETED_DEVICE_FAMILY = "1,2";
				TEST_TARGET_NAME = CoffeeBrewingNotes;
			};
			name = Debug;
		};
		3D1234567890123456789073 /* Release */ = {
			isa = XCBuildConfiguration;
			buildSettings = {
				ALWAYS_EMBED_SWIFT_STANDARD_LIBRARIES = YES;
				CODE_SIGN_STYLE = Automatic;
				CURRENT_PROJECT_VERSION = 1;
				GENERATE_INFOPLIST_FILE = YES;
				MARKETING_VERSION = 1.0;
				PRODUCT_BUNDLE_IDENTIFIER = com.example.CoffeeBrewingNotesUITests;
				PRODUCT_NAME = "$(TARGET_NAME)";
				SWIFT_EMIT_LOC_STRINGS = NO;
				SWIFT_VERSION = 5.0;
				TARGETED_DEVICE_FAMILY = "1,2";
				TEST_TARGET_NAME = CoffeeBrewingNotes;
			};
			name = Release;
		};
/* End XCBuildConfiguration section */

/* Begin XCConfigurationList section */
		3D1234567890123456789010 /* Build configuration list for PBXProject "CoffeeBrewingNotes" */ = {
			isa = XCConfigurationList;
			buildConfigurations = (
				3D1234567890123456789063 /* Debug */,
				3D1234567890123456789064 /* Release */,
			);
			defaultConfigurationIsVisible = 0;
			defaultConfigurationName = Release;
		};
		3D1234567890123456789065 /* Build configuration list for PBXNativeTarget "CoffeeBrewingNotes" */ = {
			isa = XCConfigurationList;
			buildConfigurations = (
				3D1234567890123456789066 /* Debug */,
				3D1234567890123456789067 /* Release */,
			);
			defaultConfigurationIsVisible = 0;
			defaultConfigurationName = Release;
		};
		3D1234567890123456789068 /* Build configuration list for PBXNativeTarget "CoffeeBrewingNotesTests" */ = {
			isa = XCConfigurationList;
			buildConfigurations = (
				3D1234567890123456789069 /* Debug */,
				3D1234567890123456789070 /* Release */,
			);
			defaultConfigurationIsVisible = 0;
			defaultConfigurationName = Release;
		};
		3D1234567890123456789071 /* Build configuration list for PBXNativeTarget "CoffeeBrewingNotesUITests" */ = {
			isa = XCConfigurationList;
			buildConfigurations = (
				3D1234567890123456789072 /* Debug */,
				3D1234567890123456789073 /* Release */,
			);
			defaultConfigurationIsVisible = 0;
			defaultConfigurationName = Release;
		};
/* End XCConfigurationList section */
	};
	rootObject = 3D1234567890123456789006 /* Project object */;
}